Microsoft Visual Studio Solution File, Format Version 11.00
# Visual Studio 2008

Project("{83622997-D22F-5F18-B9B0-9BD364CB673E}") = "Heartbeat", "Assembly-CSharp-vs.csproj", "{964D7D85-1BC9-D4E8-5D08-51FFBDC2E0F3}"
EndProject
Project("{83622997-D22F-5F18-B9B0-9BD364CB673E}") = "Heartbeat", "Assembly-CSharp-Editor-vs.csproj", "{EEAF8A7A-D13F-C73A-CE89-BA2794A685BF}"
EndProject
Global
	GlobalSection(SolutionConfigurationPlatforms) = preSolution
		Debug|Any CPU = Debug|Any CPU
		Release|Any CPU = Release|Any CPU
	EndGlobalSection
	GlobalSection(ProjectConfigurationPlatforms) = postSolution
		{964D7D85-1BC9-D4E8-5D08-51FFBDC2E0F3}.Debug|Any CPU.ActiveCfg = Debug|Any CPU
		{964D7D85-1BC9-D4E8-5D08-51FFBDC2E0F3}.Debug|Any CPU.Build.0 = Debug|Any CPU
		{964D7D85-1BC9-D4E8-5D08-51FFBDC2E0F3}.Release|Any CPU.ActiveCfg = Release|Any CPU
		{964D7D85-1BC9-D4E8-5D08-51FFBDC2E0F3}.Release|Any CPU.Build.0 = Release|Any CPU
		{EEAF8A7A-D13F-C73A-CE89-BA2794A685BF}.Debug|Any CPU.ActiveCfg = Debug|Any CPU
		{EEAF8A7A-D13F-C73A-CE89-BA2794A685BF}.Debug|Any CPU.Build.0 = Debug|Any CPU
		{EEAF8A7A-D13F-C73A-CE89-BA2794A685BF}.Release|Any CPU.ActiveCfg = Release|Any CPU
		{EEAF8A7A-D13F-C73A-CE89-BA2794A685BF}.Release|Any CPU.Build.0 = Release|Any CPU
	EndGlobalSection
	GlobalSection(SolutionProperties) = preSolution
		HideSolutionNode = FALSE
	EndGlobalSection
											GlobalSection(MonoDevelopProperties) = preSolution
		StartupItem = Assembly-CSharp.csproj
		Policies = $0
		$0.TextStylePolicy = $1
		$1.inheritsSet = null
		$1.scope = text/x-csharp
		$0.CSharpFormattingPolicy = $2
		$2.inheritsSet = Mono
		$2.inheritsScope = text/x-csharp
		$2.scope = text/x-csharp
		$0.TextStylePolicy = $3
		$3.FileWidth = 120
		$3.TabWidth = 4
		$3.EolMarker = Unix
		$3.inheritsSet = Mono
		$3.inheritsScope = text/plain
		$3.scope = text/plain
	EndGlobalSection

EndGlobal
